{
    "_readme": [
        "This file locks the dependencies of your project to a known state",
        "Read more about it at https://getcomposer.org/doc/01-basic-usage.md#composer-lock-the-lock-file",
        "This file is @generated automatically"
    ],
    "hash": "be3d1c42590700ec6884c9fafef1e4a4",
    "content-hash": "66d5eb24d1908439629fd9d93ce0e39e",
    "packages": [
        {
            "name": "adambrett/shell-wrapper",
            "version": "0.5",
            "source": {
                "type": "git",
                "url": "https://github.com/adambrett/php-shell-wrapper.git",
                "reference": "f0fc180b83238c0810064205cff8d43f4b6cd201"
            },
            "dist": {
                "type": "zip",
                "url": "https://api.github.com/repos/adambrett/php-shell-wrapper/zipball/f0fc180b83238c0810064205cff8d43f4b6cd201",
                "reference": "f0fc180b83238c0810064205cff8d43f4b6cd201",
                "shasum": ""
            },
            "require-dev": {
                "covex-nn/phpcb": "*@dev",
                "fzaninotto/faker": "*@dev",
                "mockery/mockery": "*@dev",
                "pdepend/pdepend": "*@dev",
                "phploc/phploc": "*@dev",
                "phpmd/phpmd": "*@dev",
                "phpunit/phpunit": "*@dev",
                "sebastian/phpcpd": "*@dev",
                "squizlabs/php_codesniffer": "*@dev"
            },
            "type": "library",
            "autoload": {
                "psr-4": {
                    "AdamBrett\\ShellWrapper\\": "src"
                }
            },
            "notification-url": "https://packagist.org/downloads/",
            "license": [
                "BDS-3-Clause"
            ],
            "authors": [
                {
                    "name": "Adam Brett",
                    "email": "adam@adambrett.co.uk"
                }
            ],
            "description": "An object oriented wrapper for shell commands",
            "time": "2014-10-16 12:55:02"
        },
        {
            "name": "aura/cli",
            "version": "2.1.1",
            "source": {
                "type": "git",
                "url": "https://github.com/auraphp/Aura.Cli.git",
                "reference": "b550cd79beff793ec5feeea248ccd4ba537c8603"
            },
            "dist": {
                "type": "zip",
                "url": "https://api.github.com/repos/auraphp/Aura.Cli/zipball/b550cd79beff793ec5feeea248ccd4ba537c8603",
                "reference": "b550cd79beff793ec5feeea248ccd4ba537c8603",
                "shasum": ""
            },
            "require": {
                "php": ">=5.3.0"
            },
            "require-dev": {
                "aura/di": "~2.0"
            },
            "type": "library",
            "extra": {
                "aura": {
                    "type": "library",
                    "config": {
                        "common": "Aura\\Cli\\_Config\\Common"
                    }
                },
                "branch-alias": {
                    "dev-develop-2": "2.0.x-dev"
                }
            },
            "autoload": {
                "psr-4": {
                    "Aura\\Cli\\": "src/",
                    "Aura\\Cli\\_Config\\": "config/"
                }
            },
            "notification-url": "https://packagist.org/downloads/",
            "license": [
                "BSD-2-Clause"
            ],
            "authors": [
                {
                    "name": "Aura.Cli Contributors",
                    "homepage": "https://github.com/auraphp/Aura.Cli/contributors"
                }
            ],
            "description": "Provides the equivalent of request (Context) and response (Stdio) classes for a command line environment, including Getopt support.",
            "homepage": "https://github.com/auraphp/Aura.Cli",
            "keywords": [
                "cli",
                "command",
                "command line",
                "getopt",
                "options",
                "stdio"
            ],
            "time": "2015-03-27 17:23:08"
        },
        {
            "name": "cvuorinen/raspicam-php",
            "version": "dev-master",
            "source": {
                "type": "git",
                "url": "https://github.com/cvuorinen/raspicam-php.git",
                "reference": "4244bbf4b2572d7081a8ba2e4e5bea40ca03aeba"
            },
            "dist": {
                "type": "zip",
                "url": "https://api.github.com/repos/cvuorinen/raspicam-php/zipball/4244bbf4b2572d7081a8ba2e4e5bea40ca03aeba",
                "reference": "4244bbf4b2572d7081a8ba2e4e5bea40ca03aeba",
                "shasum": ""
            },
            "require": {
                "adambrett/shell-wrapper": "^0.5.0",
                "php": ">=5.4.0"
            },
            "require-dev": {
                "phpunit/phpunit": "^4.8"
            },
            "type": "library",
            "autoload": {
                "psr-4": {
                    "Cvuorinen\\Raspicam\\": "src"
                }
            },
            "notification-url": "https://packagist.org/downloads/",
            "license": [
                "MIT"
            ],
            "authors": [
                {
                    "name": "Carl Vuorinen",
                    "email": "carl.vuorinen@gmail.com"
                }
            ],
            "description": "Control Raspberry Pi camera module with PHP",
            "homepage": "https://github.com/cvuorinen/raspicam-php",
            "keywords": [
                "camera",
                "hardware",
                "photo",
                "raspberry",
                "raspberry pi",
                "raspistill",
                "raspistillyuv",
                "raspivid",
                "timelapse",
                "video"
            ],
            "time": "2015-10-23 18:55:47"
        },
        {
            "name": "dg/twitter-php",
            "version": "v3.5",
            "source": {
                "type": "git",
                "url": "https://github.com/dg/twitter-php.git",
                "reference": "8c3ba6862ac7a300d3836aabfd4688b4d63049f0"
            },
            "dist": {
                "type": "zip",
                "url": "https://api.github.com/repos/dg/twitter-php/zipball/8c3ba6862ac7a300d3836aabfd4688b4d63049f0",
                "reference": "8c3ba6862ac7a300d3836aabfd4688b4d63049f0",
                "shasum": ""
            },
            "type": "library",
            "autoload": {
                "classmap": [
                    "src/"
                ]
            },
            "notification-url": "https://packagist.org/downloads/",
            "license": [
                "BSD-3-Clause"
            ],
            "authors": [
                {
                    "name": "David Grudl",
                    "homepage": "http://davidgrudl.com"
                }
            ],
            "description": "Small and easy Twitter library for PHP",
            "homepage": "https://github.com/dg/twitter-php",
            "keywords": [
                "oauth",
                "twitter"
            ],
            "time": "2014-12-31 10:29:19"
        }
    ],
    "packages-dev": [
        {
            "name": "crysalead/box",
            "version": "1.0.1",
            "source": {
                "type": "git",
                "url": "https://github.com/crysalead/box.git",
                "reference": "1c2fbbf73cf29aedf7f1c0dc0d367c7c0f2e5771"
            },
            "dist": {
                "type": "zip",
                "url": "https://api.github.com/repos/crysalead/box/zipball/1c2fbbf73cf29aedf7f1c0dc0d367c7c0f2e5771",
                "reference": "1c2fbbf73cf29aedf7f1c0dc0d367c7c0f2e5771",
                "shasum": ""
            },
            "require": {
                "php": ">=5.4"
            },
            "require-dev": {
                "crysalead/kahlan": "dev-master"
            },
            "type": "library",
            "autoload": {
                "psr-4": {
                    "box\\": "src/",
                    "box\\spec\\": "spec/"
                },
                "files": [
                    "src/init.php"
                ]
            },
            "notification-url": "https://packagist.org/downloads/",
            "license": [
                "MIT"
            ],
            "description": "Minimalist Dependency Injection Container.",
            "keywords": [
                "dependency injection",
                "dependency injection container",
                "inversion of control",
                "ioc"
            ],
            "time": "2015-03-21 00:44:48"
        },
        {
            "name": "crysalead/code",
            "version": "1.1.0",
            "source": {
                "type": "git",
                "url": "https://github.com/crysalead/code.git",
                "reference": "7b6055592fa202a100daf1f4a89b1bb38644ed36"
            },
            "dist": {
                "type": "zip",
                "url": "https://api.github.com/repos/crysalead/code/zipball/7b6055592fa202a100daf1f4a89b1bb38644ed36",
                "reference": "7b6055592fa202a100daf1f4a89b1bb38644ed36",
                "shasum": ""
            },
            "require": {
                "php": ">=5.5"
            },
            "require-dev": {
                "crysalead/kahlan": "dev-master"
            },
            "type": "library",
            "autoload": {
                "psr-4": {
                    "code\\": "src/",
                    "code\\spec\\": "spec/"
                }
            },
            "notification-url": "https://packagist.org/downloads/",
            "license": [
                "MIT"
            ],
            "authors": [
                {
                    "name": "CrysaLEAD"
                }
            ],
            "description": "Runs callables with a timeout",
            "keywords": [
                "timeout"
            ],
            "time": "2015-10-17 00:33:41"
        },
        {
            "name": "crysalead/dir",
            "version": "1.0.0",
            "source": {
                "type": "git",
                "url": "https://github.com/crysalead/dir.git",
                "reference": "4d86ccfdb5e2466bca006e76515f51fba4d0b652"
            },
            "dist": {
                "type": "zip",
                "url": "https://api.github.com/repos/crysalead/dir/zipball/4d86ccfdb5e2466bca006e76515f51fba4d0b652",
                "reference": "4d86ccfdb5e2466bca006e76515f51fba4d0b652",
                "shasum": ""
            },
            "require": {
                "php": ">=5.4"
            },
            "require-dev": {
                "crysalead/kahlan": "dev-master"
            },
            "type": "library",
            "autoload": {
                "psr-4": {
                    "dir\\": "src/",
                    "dir\\spec\\": "spec/"
                }
            },
            "notification-url": "https://packagist.org/downloads/",
            "license": [
                "MIT"
            ],
            "description": "Recursive directory scanner to locate directories and/or files in a file system",
            "keywords": [
                "Directory Scanner",
                "directory",
                "file",
                "file system"
            ],
            "time": "2015-03-19 13:42:41"
        },
        {
            "name": "crysalead/filter",
            "version": "1.1.0",
            "source": {
                "type": "git",
                "url": "https://github.com/crysalead/filter.git",
                "reference": "124c5d62181e650b2217cbe416deaa87058eec9f"
            },
            "dist": {
                "type": "zip",
                "url": "https://api.github.com/repos/crysalead/filter/zipball/124c5d62181e650b2217cbe416deaa87058eec9f",
                "reference": "124c5d62181e650b2217cbe416deaa87058eec9f",
                "shasum": ""
            },
            "require": {
                "crysalead/jit": "~1.0",
                "php": ">=5.4"
            },
            "require-dev": {
                "crysalead/kahlan": "dev-master"
            },
            "type": "library",
            "autoload": {
                "psr-4": {
                    "filter\\": "src/",
                    "filter\\spec\\": "spec/"
                }
            },
            "notification-url": "https://packagist.org/downloads/",
            "license": [
                "MIT"
            ],
            "authors": [
                {
                    "name": "Crysalead"
                }
            ],
            "description": "Method filtering system",
            "keywords": [
                "aop",
                "aspect",
                "aspect programming",
                "method filtering"
            ],
            "time": "2015-10-11 13:57:17"
        },
        {
            "name": "crysalead/jit",
            "version": "1.0.10",
            "source": {
                "type": "git",
                "url": "https://github.com/crysalead/jit.git",
                "reference": "04d7af1388d52d46a6c90a8150296e4c95e68d60"
            },
            "dist": {
                "type": "zip",
                "url": "https://api.github.com/repos/crysalead/jit/zipball/04d7af1388d52d46a6c90a8150296e4c95e68d60",
                "reference": "04d7af1388d52d46a6c90a8150296e4c95e68d60",
                "shasum": ""
            },
            "require": {
                "php": ">=5.4"
            },
            "require-dev": {
                "crysalead/kahlan": "~1.1"
            },
            "type": "library",
            "autoload": {
                "psr-4": {
                    "jit\\": "src/",
                    "jit\\spec\\": "spec/"
                }
            },
            "notification-url": "https://packagist.org/downloads/",
            "license": [
                "MIT"
            ],
            "description": "Just In Time Code Patcher.",
            "keywords": [
                "Code Patcher",
                "jit"
            ],
            "time": "2015-10-23 02:18:40"
        },
        {
            "name": "crysalead/kahlan",
            "version": "1.2.2",
            "source": {
                "type": "git",
                "url": "https://github.com/crysalead/kahlan.git",
                "reference": "5ba4dd631c874432172c38a88823cce23a576717"
            },
            "dist": {
                "type": "zip",
                "url": "https://api.github.com/repos/crysalead/kahlan/zipball/5ba4dd631c874432172c38a88823cce23a576717",
                "reference": "5ba4dd631c874432172c38a88823cce23a576717",
                "shasum": ""
            },
            "require": {
                "crysalead/box": "~1.0",
                "crysalead/code": "~1.1",
                "crysalead/dir": "~1.0",
                "crysalead/filter": "~1.1",
                "crysalead/jit": "~1.0",
                "php": ">=5.5"
            },
            "bin": [
                "bin/kahlan"
            ],
            "type": "library",
            "autoload": {
                "psr-4": {
                    "kahlan\\": "src/",
                    "kahlan\\spec\\": "spec/"
                },
                "files": [
                    "src/init.php"
                ]
            },
            "notification-url": "https://packagist.org/downloads/",
            "license": [
                "MIT"
            ],
            "authors": [
                {
                    "name": "CrysaLEAD"
                }
            ],
            "description": "Behavior-Driven Development (BDD) library.",
            "keywords": [
                "BDD",
                "Behavior-Driven Development",
                "Monkey Patching",
                "TDD",
                "mock",
                "stub",
                "testing",
                "unit test"
            ],
            "time": "2015-10-22 10:33:21"
        }
    ],
    "aliases": [],
    "minimum-stability": "stable",
    "stability-flags": {
        "cvuorinen/raspicam-php": 20
    },
    "prefer-stable": false,
    "prefer-lowest": false,
    "platform": [],
    "platform-dev": []
}
